// !$*UTF8*$!
{
	archiveVersion = 1;
	classes = {
	};
	objectVersion = 55;
	objects = {

/* Begin PBXBuildFile section */
		3466BE0C5E57639880988AE2 /* Pods_CareerGuidance.framework in Frameworks */ = {isa = PBXBuildFile; fileRef = E991A4F8EAFFF0FE105CD7E2 /* Pods_CareerGuidance.framework */; };
		71087C1B2A1C026A00FB4F07 /* ISSBTestViewController.swift in Sources */ = {isa = PBXBuildFile; fileRef = 71087C1A2A1C026A00FB4F07 /* ISSBTestViewController.swift */; };
		71167BA729CE4F2A00FD42A3 /* Utility.swift in Sources */ = {isa = PBXBuildFile; fileRef = 71167BA629CE4F2A00FD42A3 /* Utility.swift */; };
		71167BA929CE50BE00FD42A3 /* ExtentionOfViewController.swift in Sources */ = {isa = PBXBuildFile; fileRef = 71167BA829CE50BE00FD42A3 /* ExtentionOfViewController.swift */; };
		71240C3429E368C30062BD21 /* ProfileViewController.swift in Sources */ = {isa = PBXBuildFile; fileRef = 71240C3329E368C30062BD21 /* ProfileViewController.swift */; };
		7128EC0D2A1178A1005096AC /* UniversityUpdatesViewController.swift in Sources */ = {isa = PBXBuildFile; fileRef = 7128EC0C2A1178A1005096AC /* UniversityUpdatesViewController.swift */; };
		714949F62A3505ED00DF35A7 /* QuestionDataClass.swift in Sources */ = {isa = PBXBuildFile; fileRef = 714949F52A3505ED00DF35A7 /* QuestionDataClass.swift */; };
		7149F26F2A3106BF00FF5B14 /* Constant.swift in Sources */ = {isa = PBXBuildFile; fileRef = 7149F26E2A3106BF00FF5B14 /* Constant.swift */; };
		7149F2712A310A4F00FF5B14 /* MapViewController.swift in Sources */ = {isa = PBXBuildFile; fileRef = 7149F2702A310A4F00FF5B14 /* MapViewController.swift */; };
		715F9D2529F45BE60060BE9B /* ForgotPasswordViewController.swift in Sources */ = {isa = PBXBuildFile; fileRef = 715F9D2429F45BE60060BE9B /* ForgotPasswordViewController.swift */; };
		715F9D2729F473DE0060BE9B /* VerificationCodeViewController.swift in Sources */ = {isa = PBXBuildFile; fileRef = 715F9D2629F473DE0060BE9B /* VerificationCodeViewController.swift */; };
		715F9D2929F476BF0060BE9B /* Verificationcodegenerator.swift in Sources */ = {isa = PBXBuildFile; fileRef = 715F9D2829F476BF0060BE9B /* Verificationcodegenerator.swift */; };
		71651E352A0D7E3F0028E85F /* PreparationViewController.swift in Sources */ = {isa = PBXBuildFile; fileRef = 71651E342A0D7E3F0028E85F /* PreparationViewController.swift */; };
		71651E372A0D84CD0028E85F /* BooksViewController.swift in Sources */ = {isa = PBXBuildFile; fileRef = 71651E362A0D84CD0028E85F /* BooksViewController.swift */; };
		7167B13D2A236F9000245E81 /* MCQsViewController.swift in Sources */ = {isa = PBXBuildFile; fileRef = 7167B13C2A236F8F00245E81 /* MCQsViewController.swift */; };
		7167B13F2A2370F300245E81 /* MCQsTableViewCell.swift in Sources */ = {isa = PBXBuildFile; fileRef = 7167B13E2A2370F300245E81 /* MCQsTableViewCell.swift */; };
		716ABC032A22A68F0011C420 /* GoogleService-Info.plist in Resources */ = {isa = PBXBuildFile; fileRef = 716ABC022A22A68F0011C420 /* GoogleService-Info.plist */; };
		716F18882A11320E00319BA4 /* PastPapersViewController.swift in Sources */ = {isa = PBXBuildFile; fileRef = 716F18872A11320E00319BA4 /* PastPapersViewController.swift */; };
		716F188A2A1153A000319BA4 /* PastPapersTableViewCell.swift in Sources */ = {isa = PBXBuildFile; fileRef = 716F18892A1153A000319BA4 /* PastPapersTableViewCell.swift */; };
		7184119B2A1CA6C100FA198F /* CareerOptionsViewController.swift in Sources */ = {isa = PBXBuildFile; fileRef = 7184119A2A1CA6C100FA198F /* CareerOptionsViewController.swift */; };
		7184119D2A1CAA2100FA198F /* PreEngViewController.swift in Sources */ = {isa = PBXBuildFile; fileRef = 7184119C2A1CAA2100FA198F /* PreEngViewController.swift */; };
		7184119F2A1CAA2D00FA198F /* PreMedicalViewController.swift in Sources */ = {isa = PBXBuildFile; fileRef = 7184119E2A1CAA2D00FA198F /* PreMedicalViewController.swift */; };
		718FC30F29C54F83008E048D /* LoginViewController.swift in Sources */ = {isa = PBXBuildFile; fileRef = 718FC30E29C54F82008E048D /* LoginViewController.swift */; };
		71976DE92A292B5600C81F86 /* DropdownPickerDelegate.swift in Sources */ = {isa = PBXBuildFile; fileRef = 71976DE82A292B5600C81F86 /* DropdownPickerDelegate.swift */; };
		7197AC6C2A0CD34D00B740D5 /* DashboardViewController.swift in Sources */ = {isa = PBXBuildFile; fileRef = 7197AC6B2A0CD34D00B740D5 /* DashboardViewController.swift */; };
		719E9A282A1413DA00316083 /* ScoreViewController.swift in Sources */ = {isa = PBXBuildFile; fileRef = 719E9A272A1413DA00316083 /* ScoreViewController.swift */; };
		71B14D5C2A0C22DB00203316 /* CreateNewPasswordViewController.swift in Sources */ = {isa = PBXBuildFile; fileRef = 71B14D5B2A0C22DB00203316 /* CreateNewPasswordViewController.swift */; };
		71B14D5E2A0C317500203316 /* AptitudeTestViewController.swift in Sources */ = {isa = PBXBuildFile; fileRef = 71B14D5D2A0C317500203316 /* AptitudeTestViewController.swift */; };
		71E88A7629C0F7AB0001F1DB /* AppDelegate.swift in Sources */ = {isa = PBXBuildFile; fileRef = 71E88A7529C0F7AB0001F1DB /* AppDelegate.swift */; };
		71E88A7829C0F7AB0001F1DB /* SceneDelegate.swift in Sources */ = {isa = PBXBuildFile; fileRef = 71E88A7729C0F7AB0001F1DB /* SceneDelegate.swift */; };
		71E88A7D29C0F7AB0001F1DB /* Main.storyboard in Resources */ = {isa = PBXBuildFile; fileRef = 71E88A7B29C0F7AB0001F1DB /* Main.storyboard */; };
		71E88A7F29C0F7AF0001F1DB /* Assets.xcassets in Resources */ = {isa = PBXBuildFile; fileRef = 71E88A7E29C0F7AF0001F1DB /* Assets.xcassets */; };
		71E88A8229C0F7AF0001F1DB /* LaunchScreen.storyboard in Resources */ = {isa = PBXBuildFile; fileRef = 71E88A8029C0F7AF0001F1DB /* LaunchScreen.storyboard */; };
		71E88A8B29C1025F0001F1DB /* SignUpViewCintroller.swift in Sources */ = {isa = PBXBuildFile; fileRef = 71E88A8A29C1025F0001F1DB /* SignUpViewCintroller.swift */; };
/* End PBXBuildFile section */

/* Begin PBXFileReference section */
		71087C1A2A1C026A00FB4F07 /* ISSBTestViewController.swift */ = {isa = PBXFileReference; lastKnownFileType = sourcecode.swift; path = ISSBTestViewController.swift; sourceTree = "<group>"; };
		71167BA629CE4F2A00FD42A3 /* Utility.swift */ = {isa = PBXFileReference; lastKnownFileType = sourcecode.swift; path = Utility.swift; sourceTree = "<group>"; };
		71167BA829CE50BE00FD42A3 /* ExtentionOfViewController.swift */ = {isa = PBXFileReference; lastKnownFileType = sourcecode.swift; path = ExtentionOfViewController.swift; sourceTree = "<group>"; };
		71240C3329E368C30062BD21 /* ProfileViewController.swift */ = {isa = PBXFileReference; lastKnownFileType = sourcecode.swift; path = ProfileViewController.swift; sourceTree = "<group>"; };
		7128EC0C2A1178A1005096AC /* UniversityUpdatesViewController.swift */ = {isa = PBXFileReference; lastKnownFileType = sourcecode.swift; path = UniversityUpdatesViewController.swift; sourceTree = "<group>"; };
		714949F52A3505ED00DF35A7 /* QuestionDataClass.swift */ = {isa = PBXFileReference; lastKnownFileType = sourcecode.swift; path = QuestionDataClass.swift; sourceTree = "<group>"; };
		7149F26E2A3106BF00FF5B14 /* Constant.swift */ = {isa = PBXFileReference; lastKnownFileType = sourcecode.swift; path = Constant.swift; sourceTree = "<group>"; };
		7149F2702A310A4F00FF5B14 /* MapViewController.swift */ = {isa = PBXFileReference; lastKnownFileType = sourcecode.swift; path = MapViewController.swift; sourceTree = "<group>"; };
		715F9D2429F45BE60060BE9B /* ForgotPasswordViewController.swift */ = {isa = PBXFileReference; lastKnownFileType = sourcecode.swift; path = ForgotPasswordViewController.swift; sourceTree = "<group>"; };
		715F9D2629F473DE0060BE9B /* VerificationCodeViewController.swift */ = {isa = PBXFileReference; lastKnownFileType = sourcecode.swift; path = VerificationCodeViewController.swift; sourceTree = "<group>"; };
		715F9D2829F476BF0060BE9B /* Verificationcodegenerator.swift */ = {isa = PBXFileReference; lastKnownFileType = sourcecode.swift; path = Verificationcodegenerator.swift; sourceTree = "<group>"; };
		71651E342A0D7E3F0028E85F /* PreparationViewController.swift */ = {isa = PBXFileReference; lastKnownFileType = sourcecode.swift; path = PreparationViewController.swift; sourceTree = "<group>"; };
		71651E362A0D84CD0028E85F /* BooksViewController.swift */ = {isa = PBXFileReference; lastKnownFileType = sourcecode.swift; path = BooksViewController.swift; sourceTree = "<group>"; };
		7167B13C2A236F8F00245E81 /* MCQsViewController.swift */ = {isa = PBXFileReference; lastKnownFileType = sourcecode.swift; path = MCQsViewController.swift; sourceTree = "<group>"; };
		7167B13E2A2370F300245E81 /* MCQsTableViewCell.swift */ = {isa = PBXFileReference; lastKnownFileType = sourcecode.swift; path = MCQsTableViewCell.swift; sourceTree = "<group>"; };
		716ABC022A22A68F0011C420 /* GoogleService-Info.plist */ = {isa = PBXFileReference; fileEncoding = 4; lastKnownFileType = text.plist.xml; path = "GoogleService-Info.plist"; sourceTree = "<group>"; };
		716F18872A11320E00319BA4 /* PastPapersViewController.swift */ = {isa = PBXFileReference; lastKnownFileType = sourcecode.swift; path = PastPapersViewController.swift; sourceTree = "<group>"; };
		716F18892A1153A000319BA4 /* PastPapersTableViewCell.swift */ = {isa = PBXFileReference; lastKnownFileType = sourcecode.swift; path = PastPapersTableViewCell.swift; sourceTree = "<group>"; };
		7184119A2A1CA6C100FA198F /* CareerOptionsViewController.swift */ = {isa = PBXFileReference; lastKnownFileType = sourcecode.swift; path = CareerOptionsViewController.swift; sourceTree = "<group>"; };
		7184119C2A1CAA2100FA198F /* PreEngViewController.swift */ = {isa = PBXFileReference; lastKnownFileType = sourcecode.swift; path = PreEngViewController.swift; sourceTree = "<group>"; };
		7184119E2A1CAA2D00FA198F /* PreMedicalViewController.swift */ = {isa = PBXFileReference; lastKnownFileType = sourcecode.swift; path = PreMedicalViewController.swift; sourceTree = "<group>"; };
		718FC30E29C54F82008E048D /* LoginViewController.swift */ = {isa = PBXFileReference; lastKnownFileType = sourcecode.swift; path = LoginViewController.swift; sourceTree = "<group>"; };
		71976DE82A292B5600C81F86 /* DropdownPickerDelegate.swift */ = {isa = PBXFileReference; lastKnownFileType = sourcecode.swift; path = DropdownPickerDelegate.swift; sourceTree = "<group>"; };
		7197AC6B2A0CD34D00B740D5 /* DashboardViewController.swift */ = {isa = PBXFileReference; lastKnownFileType = sourcecode.swift; path = DashboardViewController.swift; sourceTree = "<group>"; };
		719E9A272A1413DA00316083 /* ScoreViewController.swift */ = {isa = PBXFileReference; lastKnownFileType = sourcecode.swift; path = ScoreViewController.swift; sourceTree = "<group>"; };
		71B14D5B2A0C22DB00203316 /* CreateNewPasswordViewController.swift */ = {isa = PBXFileReference; lastKnownFileType = sourcecode.swift; path = CreateNewPasswordViewController.swift; sourceTree = "<group>"; };
		71B14D5D2A0C317500203316 /* AptitudeTestViewController.swift */ = {isa = PBXFileReference; lastKnownFileType = sourcecode.swift; path = AptitudeTestViewController.swift; sourceTree = "<group>"; };
		71E88A7229C0F7AB0001F1DB /* CareerGuidance.app */ = {isa = PBXFileReference; explicitFileType = wrapper.application; includeInIndex = 0; path = CareerGuidance.app; sourceTree = BUILT_PRODUCTS_DIR; };
		71E88A7529C0F7AB0001F1DB /* AppDelegate.swift */ = {isa = PBXFileReference; lastKnownFileType = sourcecode.swift; path = AppDelegate.swift; sourceTree = "<group>"; };
		71E88A7729C0F7AB0001F1DB /* SceneDelegate.swift */ = {isa = PBXFileReference; lastKnownFileType = sourcecode.swift; path = SceneDelegate.swift; sourceTree = "<group>"; };
		71E88A7C29C0F7AB0001F1DB /* Base */ = {isa = PBXFileReference; lastKnownFileType = file.storyboard; name = Base; path = Base.lproj/Main.storyboard; sourceTree = "<group>"; };
		71E88A7E29C0F7AF0001F1DB /* Assets.xcassets */ = {isa = PBXFileReference; lastKnownFileType = folder.assetcatalog; path = Assets.xcassets; sourceTree = "<group>"; };
		71E88A8129C0F7AF0001F1DB /* Base */ = {isa = PBXFileReference; lastKnownFileType = file.storyboard; name = Base; path = Base.lproj/LaunchScreen.storyboard; sourceTree = "<group>"; };
		71E88A8329C0F7AF0001F1DB /* Info.plist */ = {isa = PBXFileReference; lastKnownFileType = text.plist.xml; path = Info.plist; sourceTree = "<group>"; };
		71E88A8A29C1025F0001F1DB /* SignUpViewCintroller.swift */ = {isa = PBXFileReference; lastKnownFileType = sourcecode.swift; path = SignUpViewCintroller.swift; sourceTree = "<group>"; };
		BD4558D971DDB25F14777D66 /* Pods-CareerGuidance.debug.xcconfig */ = {isa = PBXFileReference; includeInIndex = 1; lastKnownFileType = text.xcconfig; name = "Pods-CareerGuidance.debug.xcconfig"; path = "Target Support Files/Pods-CareerGuidance/Pods-CareerGuidance.debug.xcconfig"; sourceTree = "<group>"; };
		DDB8F7A3D380A776CEA918EC /* Pods-CareerGuidance.release.xcconfig */ = {isa = PBXFileReference; includeInIndex = 1; lastKnownFileType = text.xcconfig; name = "Pods-CareerGuidance.release.xcconfig"; path = "Target Support Files/Pods-CareerGuidance/Pods-CareerGuidance.release.xcconfig"; sourceTree = "<group>"; };
		E991A4F8EAFFF0FE105CD7E2 /* Pods_CareerGuidance.framework */ = {isa = PBXFileReference; explicitFileType = wrapper.framework; includeInIndex = 0; path = Pods_CareerGuidance.framework; sourceTree = BUILT_PRODUCTS_DIR; };
/* End PBXFileReference section */

/* Begin PBXFrameworksBuildPhase section */
		71E88A6F29C0F7AB0001F1DB /* Frameworks */ = {
			isa = PBXFrameworksBuildPhase;
			buildActionMask = 2147483647;
			files = (
				3466BE0C5E57639880988AE2 /* Pods_CareerGuidance.framework in Frameworks */,
			);
			runOnlyForDeploymentPostprocessing = 0;
		};
/* End PBXFrameworksBuildPhase section */

/* Begin PBXGroup section */
		714949F42A3505B300DF35A7 /* Models */ = {
			isa = PBXGroup;
			children = (
				714949F52A3505ED00DF35A7 /* QuestionDataClass.swift */,
			);
			path = Models;
			sourceTree = "<group>";
		};
		716F188B2A1153AA00319BA4 /* TableViews */ = {
			isa = PBXGroup;
			children = (
				716F18892A1153A000319BA4 /* PastPapersTableViewCell.swift */,
				7167B13E2A2370F300245E81 /* MCQsTableViewCell.swift */,
			);
			path = TableViews;
			sourceTree = "<group>";
		};
		71E88A6929C0F7AB0001F1DB = {
			isa = PBXGroup;
			children = (
				71E88A7429C0F7AB0001F1DB /* CareerGuidance */,
				71E88A7329C0F7AB0001F1DB /* Products */,
				B2709605A23FE38C4D312D35 /* Pods */,
				A761876D47C4650C2FE59C59 /* Frameworks */,
			);
			sourceTree = "<group>";
		};
		71E88A7329C0F7AB0001F1DB /* Products */ = {
			isa = PBXGroup;
			children = (
				71E88A7229C0F7AB0001F1DB /* CareerGuidance.app */,
			);
			name = Products;
			sourceTree = "<group>";
		};
		71E88A7429C0F7AB0001F1DB /* CareerGuidance */ = {
			isa = PBXGroup;
			children = (
				714949F42A3505B300DF35A7 /* Models */,
				716ABC022A22A68F0011C420 /* GoogleService-Info.plist */,
				71167BA629CE4F2A00FD42A3 /* Utility.swift */,
				71167BA829CE50BE00FD42A3 /* ExtentionOfViewController.swift */,
				71976DE82A292B5600C81F86 /* DropdownPickerDelegate.swift */,
				715F9D2829F476BF0060BE9B /* Verificationcodegenerator.swift */,
				71E88A8929C102440001F1DB /* ViewControllers */,
				71E88A7529C0F7AB0001F1DB /* AppDelegate.swift */,
				71E88A7729C0F7AB0001F1DB /* SceneDelegate.swift */,
				71E88A7B29C0F7AB0001F1DB /* Main.storyboard */,
				71E88A7E29C0F7AF0001F1DB /* Assets.xcassets */,
				71E88A8029C0F7AF0001F1DB /* LaunchScreen.storyboard */,
				71E88A8329C0F7AF0001F1DB /* Info.plist */,
				7149F26E2A3106BF00FF5B14 /* Constant.swift */,
			);
			path = CareerGuidance;
			sourceTree = "<group>";
		};
		71E88A8929C102440001F1DB /* ViewControllers */ = {
			isa = PBXGroup;
			children = (
				71E88A8A29C1025F0001F1DB /* SignUpViewCintroller.swift */,
				718FC30E29C54F82008E048D /* LoginViewController.swift */,
				71240C3329E368C30062BD21 /* ProfileViewController.swift */,
				715F9D2429F45BE60060BE9B /* ForgotPasswordViewController.swift */,
				715F9D2629F473DE0060BE9B /* VerificationCodeViewController.swift */,
				71B14D5B2A0C22DB00203316 /* CreateNewPasswordViewController.swift */,
				71B14D5D2A0C317500203316 /* AptitudeTestViewController.swift */,
				7197AC6B2A0CD34D00B740D5 /* DashboardViewController.swift */,
				71651E342A0D7E3F0028E85F /* PreparationViewController.swift */,
				71651E362A0D84CD0028E85F /* BooksViewController.swift */,
				716F18872A11320E00319BA4 /* PastPapersViewController.swift */,
				7128EC0C2A1178A1005096AC /* UniversityUpdatesViewController.swift */,
				719E9A272A1413DA00316083 /* ScoreViewController.swift */,
				71087C1A2A1C026A00FB4F07 /* ISSBTestViewController.swift */,
				7184119A2A1CA6C100FA198F /* CareerOptionsViewController.swift */,
				7184119C2A1CAA2100FA198F /* PreEngViewController.swift */,
				7184119E2A1CAA2D00FA198F /* PreMedicalViewController.swift */,
				7167B13C2A236F8F00245E81 /* MCQsViewController.swift */,
				7149F2702A310A4F00FF5B14 /* MapViewController.swift */,
				716F188B2A1153AA00319BA4 /* TableViews */,
			);
			path = ViewControllers;
			sourceTree = "<group>";
		};
		A761876D47C4650C2FE59C59 /* Frameworks */ = {
			isa = PBXGroup;
			children = (
				E991A4F8EAFFF0FE105CD7E2 /* Pods_CareerGuidance.framework */,
			);
			name = Frameworks;
			sourceTree = "<group>";
		};
		B2709605A23FE38C4D312D35 /* Pods */ = {
			isa = PBXGroup;
			children = (
				BD4558D971DDB25F14777D66 /* Pods-CareerGuidance.debug.xcconfig */,
				DDB8F7A3D380A776CEA918EC /* Pods-CareerGuidance.release.xcconfig */,
			);
			path = Pods;
			sourceTree = "<group>";
		};
/* End PBXGroup section */

/* Begin PBXNativeTarget section */
		71E88A7129C0F7AB0001F1DB /* CareerGuidance */ = {
			isa = PBXNativeTarget;
			buildConfigurationList = 71E88A8629C0F7AF0001F1DB /* Build configuration list for PBXNativeTarget "CareerGuidance" */;
			buildPhases = (
				A60C6A4CFD6C935A6A721D06 /* [CP] Check Pods Manifest.lock */,
				71E88A6E29C0F7AB0001F1DB /* Sources */,
				71E88A6F29C0F7AB0001F1DB /* Frameworks */,
				71E88A7029C0F7AB0001F1DB /* Resources */,
				C5380242542516FF9392D2CA /* [CP] Embed Pods Frameworks */,
				BAD35B5C6AA241EDA20B818A /* [CP] Copy Pods Resources */,
			);
			buildRules = (
			);
			dependencies = (
			);
			name = CareerGuidance;
			productName = CareerGuidance;
			productReference = 71E88A7229C0F7AB0001F1DB /* CareerGuidance.app */;
			productType = "com.apple.product-type.application";
		};
/* End PBXNativeTarget section */

/* Begin PBXProject section */
		71E88A6A29C0F7AB0001F1DB /* Project object */ = {
			isa = PBXProject;
			attributes = {
				BuildIndependentTargetsInParallel = 1;
				LastSwiftUpdateCheck = 1340;
				LastUpgradeCheck = 1340;
				TargetAttributes = {
					71E88A7129C0F7AB0001F1DB = {
						CreatedOnToolsVersion = 13.4.1;
					};
				};
			};
			buildConfigurationList = 71E88A6D29C0F7AB0001F1DB /* Build configuration list for PBXProject "CareerGuidance" */;
			compatibilityVersion = "Xcode 13.0";
			developmentRegion = en;
			hasScannedForEncodings = 0;
			knownRegions = (
				en,
				Base,
			);
			mainGroup = 71E88A6929C0F7AB0001F1DB;
			productRefGroup = 71E88A7329C0F7AB0001F1DB /* Products */;
			projectDirPath = "";
			projectRoot = "";
			targets = (
				71E88A7129C0F7AB0001F1DB /* CareerGuidance */,
			);
		};
/* End PBXProject section */

/* Begin PBXResourcesBuildPhase section */
		71E88A7029C0F7AB0001F1DB /* Resources */ = {
			isa = PBXResourcesBuildPhase;
			buildActionMask = 2147483647;
			files = (
				71E88A8229C0F7AF0001F1DB /* LaunchScreen.storyboard in Resources */,
				716ABC032A22A68F0011C420 /* GoogleService-Info.plist in Resources */,
				71E88A7F29C0F7AF0001F1DB /* Assets.xcassets in Resources */,
				71E88A7D29C0F7AB0001F1DB /* Main.storyboard in Resources */,
			);
			runOnlyForDeploymentPostprocessing = 0;
		};
/* End PBXResourcesBuildPhase section */

/* Begin PBXShellScriptBuildPhase section */
		A60C6A4CFD6C935A6A721D06 /* [CP] Check Pods Manifest.lock */ = {
			isa = PBXShellScriptBuildPhase;
			buildActionMask = 2147483647;
			files = (
			);
			inputFileListPaths = (
			);
			inputPaths = (
				"${PODS_PODFILE_DIR_PATH}/Podfile.lock",
				"${PODS_ROOT}/Manifest.lock",
			);
			name = "[CP] Check Pods Manifest.lock";
			outputFileListPaths = (
			);
			outputPaths = (
				"$(DERIVED_FILE_DIR)/Pods-CareerGuidance-checkManifestLockResult.txt",
			);
			runOnlyForDeploymentPostprocessing = 0;
			shellPath = /bin/sh;
			shellScript = "diff \"${PODS_PODFILE_DIR_PATH}/Podfile.lock\" \"${PODS_ROOT}/Manifest.lock\" > /dev/null\nif [ $? != 0 ] ; then\n    # print error to STDERR\n    echo \"error: The sandbox is not in sync with the Podfile.lock. Run 'pod install' or update your CocoaPods installation.\" >&2\n    exit 1\nfi\n# This output is used by Xcode 'outputs' to avoid re-running this script phase.\necho \"SUCCESS\" > \"${SCRIPT_OUTPUT_FILE_0}\"\n";
			showEnvVarsInLog = 0;
		};
		BAD35B5C6AA241EDA20B818A /* [CP] Copy Pods Resources */ = {
			isa = PBXShellScriptBuildPhase;
			buildActionMask = 2147483647;
			files = (
			);
			inputFileListPaths = (
				"${PODS_ROOT}/Target Support Files/Pods-CareerGuidance/Pods-CareerGuidance-resources-${CONFIGURATION}-input-files.xcfilelist",
			);
			name = "[CP] Copy Pods Resources";
			outputFileListPaths = (
				"${PODS_ROOT}/Target Support Files/Pods-CareerGuidance/Pods-CareerGuidance-resources-${CONFIGURATION}-output-files.xcfilelist",
			);
			runOnlyForDeploymentPostprocessing = 0;
			shellPath = /bin/sh;
			shellScript = "\"${PODS_ROOT}/Target Support Files/Pods-CareerGuidance/Pods-CareerGuidance-resources.sh\"\n";
			showEnvVarsInLog = 0;
		};
		C5380242542516FF9392D2CA /* [CP] Embed Pods Frameworks */ = {
			isa = PBXShellScriptBuildPhase;
			buildActionMask = 2147483647;
			files = (
			);
			inputFileListPaths = (
				"${PODS_ROOT}/Target Support Files/Pods-CareerGuidance/Pods-CareerGuidance-frameworks-${CONFIGURATION}-input-files.xcfilelist",
			);
			name = "[CP] Embed Pods Frameworks";
			outputFileListPaths = (
				"${PODS_ROOT}/Target Support Files/Pods-CareerGuidance/Pods-CareerGuidance-frameworks-${CONFIGURATION}-output-files.xcfilelist",
			);
			runOnlyForDeploymentPostprocessing = 0;
			shellPath = /bin/sh;
			shellScript = "\"${PODS_ROOT}/Target Support Files/Pods-CareerGuidance/Pods-CareerGuidance-frameworks.sh\"\n";
			showEnvVarsInLog = 0;
		};
/* End PBXShellScriptBuildPhase section */

/* Begin PBXSourcesBuildPhase section */
		71E88A6E29C0F7AB0001F1DB /* Sources */ = {
			isa = PBXSourcesBuildPhase;
			buildActionMask = 2147483647;
			files = (
				715F9D2529F45BE60060BE9B /* ForgotPasswordViewController.swift in Sources */,
				7184119D2A1CAA2100FA198F /* PreEngViewController.swift in Sources */,
				71167BA929CE50BE00FD42A3 /* ExtentionOfViewController.swift in Sources */,
				719E9A282A1413DA00316083 /* ScoreViewController.swift in Sources */,
				71B14D5E2A0C317500203316 /* AptitudeTestViewController.swift in Sources */,
				71167BA729CE4F2A00FD42A3 /* Utility.swift in Sources */,
				714949F62A3505ED00DF35A7 /* QuestionDataClass.swift in Sources */,
				715F9D2729F473DE0060BE9B /* VerificationCodeViewController.swift in Sources */,
				7128EC0D2A1178A1005096AC /* UniversityUpdatesViewController.swift in Sources */,
				71651E372A0D84CD0028E85F /* BooksViewController.swift in Sources */,
				718FC30F29C54F83008E048D /* LoginViewController.swift in Sources */,
				7184119B2A1CA6C100FA198F /* CareerOptionsViewController.swift in Sources */,
				71E88A8B29C1025F0001F1DB /* SignUpViewCintroller.swift in Sources */,
				7184119F2A1CAA2D00FA198F /* PreMedicalViewController.swift in Sources */,
				7197AC6C2A0CD34D00B740D5 /* DashboardViewController.swift in Sources */,
				71240C3429E368C30062BD21 /* ProfileViewController.swift in Sources */,
				715F9D2929F476BF0060BE9B /* Verificationcodegenerator.swift in Sources */,
				716F18882A11320E00319BA4 /* PastPapersViewController.swift in Sources */,
				71E88A7629C0F7AB0001F1DB /* AppDelegate.swift in Sources */,
				716F188A2A1153A000319BA4 /* PastPapersTableViewCell.swift in Sources */,
				71E88A7829C0F7AB0001F1DB /* SceneDelegate.swift in Sources */,
				7149F26F2A3106BF00FF5B14 /* Constant.swift in Sources */,
				7167B13F2A2370F300245E81 /* MCQsTableViewCell.swift in Sources */,
				71651E352A0D7E3F0028E85F /* PreparationViewController.swift in Sources */,
				71B14D5C2A0C22DB00203316 /* CreateNewPasswordViewController.swift in Sources */,
				7167B13D2A236F9000245E81 /* MCQsViewController.swift in Sources */,
				71087C1B2A1C026A00FB4F07 /* ISSBTestViewController.swift in Sources */,
				71976DE92A292B5600C81F86 /* DropdownPickerDelegate.swift in Sources */,
				7149F2712A310A4F00FF5B14 /* MapViewController.swift in Sources */,
			);
			runOnlyForDeploymentPostprocessing = 0;
		};
/* End PBXSourcesBuildPhase section */

/* Begin PBXVariantGroup section */
		71E88A7B29C0F7AB0001F1DB /* Main.storyboard */ = {
			isa = PBXVariantGroup;
			children = (
				71E88A7C29C0F7AB0001F1DB /* Base */,
			);
			name = Main.storyboard;
			sourceTree = "<group>";
		};
		71E88A8029C0F7AF0001F1DB /* LaunchScreen.storyboard */ = {
			isa = PBXVariantGroup;
			children = (
				71E88A8129C0F7AF0001F1DB /* Base */,
			);
			name = LaunchScreen.storyboard;
			sourceTree = "<group>";
		};
/* End PBXVariantGroup section */

/* Begin XCBuildConfiguration section */
		71E88A8429C0F7AF0001F1DB /* Debug */ = {
			isa = XCBuildConfiguration;
			buildSettings = {
				ALWAYS_SEARCH_USER_PATHS = NO;
				CLANG_ANALYZER_NONNULL = YES;
				CLANG_ANALYZER_NUMBER_OBJECT_CONVERSION = YES_AGGRESSIVE;
				CLANG_CXX_LANGUAGE_STANDARD = "gnu++17";
				CLANG_ENABLE_MODULES = YES;
				CLANG_ENABLE_OBJC_ARC = YES;
				CLANG_ENABLE_OBJC_WEAK = YES;
				CLANG_WARN_BLOCK_CAPTURE_AUTORELEASING = YES;
				CLANG_WARN_BOOL_CONVERSION = YES;
				CLANG_WARN_COMMA = YES;
				CLANG_WARN_CONSTANT_CONVERSION = YES;
				CLANG_WARN_DEPRECATED_OBJC_IMPLEMENTATIONS = YES;
				CLANG_WARN_DIRECT_OBJC_ISA_USAGE = YES_ERROR;
				CLANG_WARN_DOCUMENTATION_COMMENTS = YES;
				CLANG_WARN_EMPTY_BODY = YES;
				CLANG_WARN_ENUM_CONVERSION = YES;
				CLANG_WARN_INFINITE_RECURSION = YES;
				CLANG_WARN_INT_CONVERSION = YES;
				CLANG_WARN_NON_LITERAL_NULL_CONVERSION = YES;
				CLANG_WARN_OBJC_IMPLICIT_RETAIN_SELF = YES;
				CLANG_WARN_OBJC_LITERAL_CONVERSION = YES;
				CLANG_WARN_OBJC_ROOT_CLASS = YES_ERROR;
				CLANG_WARN_QUOTED_INCLUDE_IN_FRAMEWORK_HEADER = YES;
				CLANG_WARN_RANGE_LOOP_ANALYSIS = YES;
				CLANG_WARN_STRICT_PROTOTYPES = YES;
				CLANG_WARN_SUSPICIOUS_MOVE = YES;
				CLANG_WARN_UNGUARDED_AVAILABILITY = YES_AGGRESSIVE;
				CLANG_WARN_UNREACHABLE_CODE = YES;
				CLANG_WARN__DUPLICATE_METHOD_MATCH = YES;
				COPY_PHASE_STRIP = NO;
				DEBUG_INFORMATION_FORMAT = dwarf;
				ENABLE_STRICT_OBJC_MSGSEND = YES;
				ENABLE_TESTABILITY = YES;
				GCC_C_LANGUAGE_STANDARD = gnu11;
				GCC_DYNAMIC_NO_PIC = NO;
				GCC_NO_COMMON_BLOCKS = YES;
				GCC_OPTIMIZATION_LEVEL = 0;
				GCC_PREPROCESSOR_DEFINITIONS = (
					"DEBUG=1",
					"$(inherited)",
				);
				GCC_WARN_64_TO_32_BIT_CONVERSION = YES;
				GCC_WARN_ABOUT_RETURN_TYPE = YES_ERROR;
				GCC_WARN_UNDECLARED_SELECTOR = YES;
				GCC_WARN_UNINITIALIZED_AUTOS = YES_AGGRESSIVE;
				GCC_WARN_UNUSED_FUNCTION = YES;
				GCC_WARN_UNUSED_VARIABLE = YES;
				IPHONEOS_DEPLOYMENT_TARGET = 15.5;
				MTL_ENABLE_DEBUG_INFO = INCLUDE_SOURCE;
				MTL_FAST_MATH = YES;
				ONLY_ACTIVE_ARCH = YES;
				SDKROOT = iphoneos;
				SWIFT_ACTIVE_COMPILATION_CONDITIONS = DEBUG;
				SWIFT_OPTIMIZATION_LEVEL = "-Onone";
			};
			name = Debug;
		};
		71E88A8529C0F7AF0001F1DB /* Release */ = {
			isa = XCBuildConfiguration;
			buildSettings = {
				ALWAYS_SEARCH_USER_PATHS = NO;
				CLANG_ANALYZER_NONNULL = YES;
				CLANG_ANALYZER_NUMBER_OBJECT_CONVERSION = YES_AGGRESSIVE;
				CLANG_CXX_LANGUAGE_STANDARD = "gnu++17";
				CLANG_ENABLE_MODULES = YES;
				CLANG_ENABLE_OBJC_ARC = YES;
				CLANG_ENABLE_OBJC_WEAK = YES;
				CLANG_WARN_BLOCK_CAPTURE_AUTORELEASING = YES;
				CLANG_WARN_BOOL_CONVERSION = YES;
				CLANG_WARN_COMMA = YES;
				CLANG_WARN_CONSTANT_CONVERSION = YES;
				CLANG_WARN_DEPRECATED_OBJC_IMPLEMENTATIONS = YES;
				CLANG_WARN_DIRECT_OBJC_ISA_USAGE = YES_ERROR;
				CLANG_WARN_DOCUMENTATION_COMMENTS = YES;
				CLANG_WARN_EMPTY_BODY = YES;
				CLANG_WARN_ENUM_CONVERSION = YES;
				CLANG_WARN_INFINITE_RECURSION = YES;
				CLANG_WARN_INT_CONVERSION = YES;
				CLANG_WARN_NON_LITERAL_NULL_CONVERSION = YES;
				CLANG_WARN_OBJC_IMPLICIT_RETAIN_SELF = YES;
				CLANG_WARN_OBJC_LITERAL_CONVERSION = YES;
				CLANG_WARN_OBJC_ROOT_CLASS = YES_ERROR;
				CLANG_WARN_QUOTED_INCLUDE_IN_FRAMEWORK_HEADER = YES;
				CLANG_WARN_RANGE_LOOP_ANALYSIS = YES;
				CLANG_WARN_STRICT_PROTOTYPES = YES;
				CLANG_WARN_SUSPICIOUS_MOVE = YES;
				CLANG_WARN_UNGUARDED_AVAILABILITY = YES_AGGRESSIVE;
				CLANG_WARN_UNREACHABLE_CODE = YES;
				CLANG_WARN__DUPLICATE_METHOD_MATCH = YES;
				COPY_PHASE_STRIP = NO;
				DEBUG_INFORMATION_FORMAT = "dwarf-with-dsym";
				ENABLE_NS_ASSERTIONS = NO;
				ENABLE_STRICT_OBJC_MSGSEND = YES;
				GCC_C_LANGUAGE_STANDARD = gnu11;
				GCC_NO_COMMON_BLOCKS = YES;
				GCC_WARN_64_TO_32_BIT_CONVERSION = YES;
				GCC_WARN_ABOUT_RETURN_TYPE = YES_ERROR;
				GCC_WARN_UNDECLARED_SELECTOR = YES;
				GCC_WARN_UNINITIALIZED_AUTOS = YES_AGGRESSIVE;
				GCC_WARN_UNUSED_FUNCTION = YES;
				GCC_WARN_UNUSED_VARIABLE = YES;
				IPHONEOS_DEPLOYMENT_TARGET = 15.5;
				MTL_ENABLE_DEBUG_INFO = NO;
				MTL_FAST_MATH = YES;
				SDKROOT = iphoneos;
				SWIFT_COMPILATION_MODE = wholemodule;
				SWIFT_OPTIMIZATION_LEVEL = "-O";
				VALIDATE_PRODUCT = YES;
			};
			name = Release;
		};
		71E88A8729C0F7AF0001F1DB /* Debug */ = {
			isa = XCBuildConfiguration;
			baseConfigurationReference = BD4558D971DDB25F14777D66 /* Pods-CareerGuidance.debug.xcconfig */;
			buildSettings = {
				ASSETCATALOG_COMPILER_APPICON_NAME = AppIcon;
				ASSETCATALOG_COMPILER_GLOBAL_ACCENT_COLOR_NAME = AccentColor;
				CODE_SIGN_STYLE = Automatic;
				CURRENT_PROJECT_VERSION = 1;
				DEVELOPMENT_TEAM = XKT3D8HQYZ;
				GENERATE_INFOPLIST_FILE = YES;
				INFOPLIST_FILE = CareerGuidance/Info.plist;
				INFOPLIST_KEY_UIApplicationSupportsIndirectInputEvents = YES;
				INFOPLIST_KEY_UILaunchStoryboardName = LaunchScreen;
				INFOPLIST_KEY_UIMainStoryboardFile = Main;
				INFOPLIST_KEY_UISupportedInterfaceOrientations = UIInterfaceOrientationPortrait;
				INFOPLIST_KEY_UISupportedInterfaceOrientations_iPad = "UIInterfaceOrientationPortrait UIInterfaceOrientationPortraitUpsideDown UIInterfaceOrientationLandscapeLeft UIInterfaceOrientationLandscapeRight";
				INFOPLIST_KEY_UISupportedInterfaceOrientations_iPhone = "UIInterfaceOrientationPortrait UIInterfaceOrientationLandscapeLeft UIInterfaceOrientationLandscapeRight";
				LD_RUNPATH_SEARCH_PATHS = (
					"$(inherited)",
					"@executable_path/Frameworks",
				);
				LIBRARY_SEARCH_PATHS = (
					"$(inherited)",
					"$(PROJECT_DIR)/CareerGuidance/Firebase/Crashlytics/UnitTests/FIRCLSMachO/machO_data",
					"$(PROJECT_DIR)/CareerGuidance/Firebase/Crashlytics/UnitTests/Data",
				);
				MARKETING_VERSION = 1.0;
				PRODUCT_BUNDLE_IDENTIFIER = com.murtaza.CareerGuidance;
				PRODUCT_NAME = "$(TARGET_NAME)";
				SWIFT_EMIT_LOC_STRINGS = YES;
				SWIFT_VERSION = 5.0;
				TARGETED_DEVICE_FAMILY = "1,2";
			};
			name = Debug;
		};
		71E88A8829C0F7AF0001F1DB /* Release */ = {
			isa = XCBuildConfiguration;
			baseConfigurationReference = DDB8F7A3D380A776CEA918EC /* Pods-CareerGuidance.release.xcconfig */;
			buildSettings = {
				ASSETCATALOG_COMPILER_APPICON_NAME = AppIcon;
				ASSETCATALOG_COMPILER_GLOBAL_ACCENT_COLOR_NAME = AccentColor;
				CODE_SIGN_STYLE = Automatic;
				CURRENT_PROJECT_VERSION = 1;
				DEVELOPMENT_TEAM = XKT3D8HQYZ;
				GENERATE_INFOPLIST_FILE = YES;
				INFOPLIST_FILE = CareerGuidance/Info.plist;
				INFOPLIST_KEY_UIApplicationSupportsIndirectInputEvents = YES;
				INFOPLIST_KEY_UILaunchStoryboardName = LaunchScreen;
				INFOPLIST_KEY_UIMainStoryboardFile = Main;
				INFOPLIST_KEY_UISupportedInterfaceOrientations = UIInterfaceOrientationPortrait;
				INFOPLIST_KEY_UISupportedInterfaceOrientations_iPad = "UIInterfaceOrientationPortrait UIInterfaceOrientationPortraitUpsideDown UIInterfaceOrientationLandscapeLeft UIInterfaceOrientationLandscapeRight";
				INFOPLIST_KEY_UISupportedInterfaceOrientations_iPhone = "UIInterfaceOrientationPortrait UIInterfaceOrientationLandscapeLeft UIInterfaceOrientationLandscapeRight";
				LD_RUNPATH_SEARCH_PATHS = (
					"$(inherited)",
					"@executable_path/Frameworks",
				);
				LIBRARY_SEARCH_PATHS = (
					"$(inherited)",
					"$(PROJECT_DIR)/CareerGuidance/Firebase/Crashlytics/UnitTests/FIRCLSMachO/machO_data",
					"$(PROJECT_DIR)/CareerGuidance/Firebase/Crashlytics/UnitTests/Data",
				);
				MARKETING_VERSION = 1.0;
				PRODUCT_BUNDLE_IDENTIFIER = com.murtaza.CareerGuidance;
				PRODUCT_NAME = "$(TARGET_NAME)";
				SWIFT_EMIT_LOC_STRINGS = YES;
				SWIFT_VERSION = 5.0;
				TARGETED_DEVICE_FAMILY = "1,2";
			};
			name = Release;
		};
/* End XCBuildConfiguration section */

/* Begin XCConfigurationList section */
		71E88A6D29C0F7AB0001F1DB /* Build configuration list for PBXProject "CareerGuidance" */ = {
			isa = XCConfigurationList;
			buildConfigurations = (
				71E88A8429C0F7AF0001F1DB /* Debug */,
				71E88A8529C0F7AF0001F1DB /* Release */,
			);
			defaultConfigurationIsVisible = 0;
			defaultConfigurationName = Release;
		};
		71E88A8629C0F7AF0001F1DB /* Build configuration list for PBXNativeTarget "CareerGuidance" */ = {
			isa = XCConfigurationList;
			buildConfigurations = (
				71E88A8729C0F7AF0001F1DB /* Debug */,
				71E88A8829C0F7AF0001F1DB /* Release */,
			);
			defaultConfigurationIsVisible = 0;
			defaultConfigurationName = Release;
		};
/* End XCConfigurationList section */
	};
	rootObject = 71E88A6A29C0F7AB0001F1DB /* Project object */;
}
